
Microsoft Visual Studio Solution File, Format Version 12.00
# Visual Studio Version 17
VisualStudioVersion = 17.7.34221.43
MinimumVisualStudioVersion = 10.0.40219.1
Project("{FAE04EC0-301F-11D3-BF4B-00C04F79EFBC}") = "Loginnn", "Loginnn\Loginnn.csproj", "{A51AA17B-7324-4CA6-8DE0-790E42EE88B8}"
EndProject
Global
	GlobalSection(SolutionConfigurationPlatforms) = preSolution
		Debug|Any CPU = Debug|Any CPU
		Release|Any CPU = Release|Any CPU
	EndGlobalSection
	GlobalSection(ProjectConfigurationPlatforms) = postSolution
		{A51AA17B-7324-4CA6-8DE0-790E42EE88B8}.Debug|Any CPU.ActiveCfg = Debug|Any CPU
		{A51AA17B-7324-4CA6-8DE0-790E42EE88B8}.Debug|Any CPU.Build.0 = Debug|Any CPU
		{A51AA17B-7324-4CA6-8DE0-790E42EE88B8}.Release|Any CPU.ActiveCfg = Release|Any CPU
		{A51AA17B-7324-4CA6-8DE0-790E42EE88B8}.Release|Any CPU.Build.0 = Release|Any CPU
	EndGlobalSection
	GlobalSection(SolutionProperties) = preSolution
		HideSolutionNode = FALSE
	EndGlobalSection
	GlobalSection(ExtensibilityGlobals) = postSolution
		SolutionGuid = {55B35A01-D187-484F-BBD8-1E61534A640E}
	EndGlobalSection
EndGlobal
